
Microsoft Visual Studio Solution File, Format Version 12.00
# Visual Studio Version 17
VisualStudioVersion = 17.4.33110.190
MinimumVisualStudioVersion = 10.0.40219.1
Project("{9A19103F-16F7-4668-BE54-9A1E7A4F7556}") = "FunctionAppTest", "..\..\FunctionAppTest\FunctionAppTest\FunctionAppTest.csproj", "{68D0EF28-D664-4F70-BC0B-CD433C22214C}"
EndProject
Project("{9A19103F-16F7-4668-BE54-9A1E7A4F7556}") = "hero-materialized-view-processor", "hero-materialized-view-processor.csproj", "{C23CBE79-F0EC-4E46-9FBA-AFBCF3444527}"
EndProject
Project("{9A19103F-16F7-4668-BE54-9A1E7A4F7556}") = "materialized-view-processor", "..\..\cosmosdb-materialized-views\materialized-view-processor\materialized-view-processor.csproj", "{7BF42BB5-ADB1-489A-B511-6D20745947DE}"
EndProject
Global
	GlobalSection(SolutionConfigurationPlatforms) = preSolution
		Debug|Any CPU = Debug|Any CPU
		Release|Any CPU = Release|Any CPU
	EndGlobalSection
	GlobalSection(ProjectConfigurationPlatforms) = postSolution
		{68D0EF28-D664-4F70-BC0B-CD433C22214C}.Debug|Any CPU.ActiveCfg = Debug|Any CPU
		{68D0EF28-D664-4F70-BC0B-CD433C22214C}.Debug|Any CPU.Build.0 = Debug|Any CPU
		{68D0EF28-D664-4F70-BC0B-CD433C22214C}.Release|Any CPU.ActiveCfg = Release|Any CPU
		{68D0EF28-D664-4F70-BC0B-CD433C22214C}.Release|Any CPU.Build.0 = Release|Any CPU
		{C23CBE79-F0EC-4E46-9FBA-AFBCF3444527}.Debug|Any CPU.ActiveCfg = Debug|Any CPU
		{C23CBE79-F0EC-4E46-9FBA-AFBCF3444527}.Debug|Any CPU.Build.0 = Debug|Any CPU
		{C23CBE79-F0EC-4E46-9FBA-AFBCF3444527}.Release|Any CPU.ActiveCfg = Release|Any CPU
		{C23CBE79-F0EC-4E46-9FBA-AFBCF3444527}.Release|Any CPU.Build.0 = Release|Any CPU
		{7BF42BB5-ADB1-489A-B511-6D20745947DE}.Debug|Any CPU.ActiveCfg = Debug|Any CPU
		{7BF42BB5-ADB1-489A-B511-6D20745947DE}.Debug|Any CPU.Build.0 = Debug|Any CPU
		{7BF42BB5-ADB1-489A-B511-6D20745947DE}.Release|Any CPU.ActiveCfg = Release|Any CPU
		{7BF42BB5-ADB1-489A-B511-6D20745947DE}.Release|Any CPU.Build.0 = Release|Any CPU
	EndGlobalSection
	GlobalSection(SolutionProperties) = preSolution
		HideSolutionNode = FALSE
	EndGlobalSection
	GlobalSection(ExtensibilityGlobals) = postSolution
		SolutionGuid = {416F3842-D16E-4380-846B-2A7CB0A5507C}
	EndGlobalSection
EndGlobal
